
Microsoft Visual Studio Solution File, Format Version 12.00
# Visual Studio Version 16
VisualStudioVersion = 16.0.30621.155
MinimumVisualStudioVersion = 10.0.40219.1
Project("{FAE04EC0-301F-11D3-BF4B-00C04F79EFBC}") = "Autenticacao.Api", "Autenticacao.Api\Autenticacao.Api.csproj", "{E1E572B7-EBC8-4A09-8FE4-B72BC714B322}"
EndProject
Global
	GlobalSection(SolutionConfigurationPlatforms) = preSolution
		Debug|Any CPU = Debug|Any CPU
		Release|Any CPU = Release|Any CPU
	EndGlobalSection
	GlobalSection(ProjectConfigurationPlatforms) = postSolution
		{E1E572B7-EBC8-4A09-8FE4-B72BC714B322}.Debug|Any CPU.ActiveCfg = Debug|Any CPU
		{E1E572B7-EBC8-4A09-8FE4-B72BC714B322}.Debug|Any CPU.Build.0 = Debug|Any CPU
		{E1E572B7-EBC8-4A09-8FE4-B72BC714B322}.Release|Any CPU.ActiveCfg = Release|Any CPU
		{E1E572B7-EBC8-4A09-8FE4-B72BC714B322}.Release|Any CPU.Build.0 = Release|Any CPU
	EndGlobalSection
	GlobalSection(SolutionProperties) = preSolution
		HideSolutionNode = FALSE
	EndGlobalSection
	GlobalSection(ExtensibilityGlobals) = postSolution
		SolutionGuid = {32A6BA59-309C-4936-9D3E-D9C3B1901EF1}
	EndGlobalSection
EndGlobal
